
Microsoft Visual Studio Solution File, Format Version 11.00
# Visual Studio 2010
Project("{FAE04EC0-301F-11D3-BF4B-00C04F79EFBC}") = "Griffin.Container", "Griffin.Container\Griffin.Container.csproj", "{F483D7E5-BE37-465D-A27D-E6A383B9FF08}"
EndProject
Project("{FAE04EC0-301F-11D3-BF4B-00C04F79EFBC}") = "Griffin.Container.Tests", "Griffin.Container.Tests\Griffin.Container.Tests.csproj", "{AF10943C-283E-49A1-A484-146717A6DFA7}"
EndProject
Global
	GlobalSection(SolutionConfigurationPlatforms) = preSolution
		Debug|Any CPU = Debug|Any CPU
		Release|Any CPU = Release|Any CPU
	EndGlobalSection
	GlobalSection(ProjectConfigurationPlatforms) = postSolution
		{F483D7E5-BE37-465D-A27D-E6A383B9FF08}.Debug|Any CPU.ActiveCfg = Debug|Any CPU
		{F483D7E5-BE37-465D-A27D-E6A383B9FF08}.Debug|Any CPU.Build.0 = Debug|Any CPU
		{F483D7E5-BE37-465D-A27D-E6A383B9FF08}.Release|Any CPU.ActiveCfg = Release|Any CPU
		{F483D7E5-BE37-465D-A27D-E6A383B9FF08}.Release|Any CPU.Build.0 = Release|Any CPU
		{AF10943C-283E-49A1-A484-146717A6DFA7}.Debug|Any CPU.ActiveCfg = Debug|Any CPU
		{AF10943C-283E-49A1-A484-146717A6DFA7}.Debug|Any CPU.Build.0 = Debug|Any CPU
		{AF10943C-283E-49A1-A484-146717A6DFA7}.Release|Any CPU.ActiveCfg = Release|Any CPU
		{AF10943C-283E-49A1-A484-146717A6DFA7}.Release|Any CPU.Build.0 = Release|Any CPU
	EndGlobalSection
	GlobalSection(SolutionProperties) = preSolution
		HideSolutionNode = FALSE
	EndGlobalSection
EndGlobal
